
Microsoft Visual Studio Solution File, Format Version 12.00
# Visual Studio 15
VisualStudioVersion = 15.0.28307.271
MinimumVisualStudioVersion = 10.0.40219.1
Project("{FAE04EC0-301F-11D3-BF4B-00C04F79EFBC}") = "ppedv.TalkingMoose.Contracts", "ppedv.TalkingMoose.Contracts\ppedv.TalkingMoose.Contracts.csproj", "{5E32476B-2621-4CE5-9E6A-CC63A997903A}"
EndProject
Project("{FAE04EC0-301F-11D3-BF4B-00C04F79EFBC}") = "ppedv.TalkingMoose.Server", "ppedv.TalkingMoose.Server\ppedv.TalkingMoose.Server.csproj", "{B20D9278-BAA4-48FD-93EA-465BF3609922}"
EndProject
Global
	GlobalSection(SolutionConfigurationPlatforms) = preSolution
		Debug|Any CPU = Debug|Any CPU
		Release|Any CPU = Release|Any CPU
	EndGlobalSection
	GlobalSection(ProjectConfigurationPlatforms) = postSolution
		{5E32476B-2621-4CE5-9E6A-CC63A997903A}.Debug|Any CPU.ActiveCfg = Debug|Any CPU
		{5E32476B-2621-4CE5-9E6A-CC63A997903A}.Debug|Any CPU.Build.0 = Debug|Any CPU
		{5E32476B-2621-4CE5-9E6A-CC63A997903A}.Release|Any CPU.ActiveCfg = Release|Any CPU
		{5E32476B-2621-4CE5-9E6A-CC63A997903A}.Release|Any CPU.Build.0 = Release|Any CPU
		{B20D9278-BAA4-48FD-93EA-465BF3609922}.Debug|Any CPU.ActiveCfg = Debug|Any CPU
		{B20D9278-BAA4-48FD-93EA-465BF3609922}.Debug|Any CPU.Build.0 = Debug|Any CPU
		{B20D9278-BAA4-48FD-93EA-465BF3609922}.Release|Any CPU.ActiveCfg = Release|Any CPU
		{B20D9278-BAA4-48FD-93EA-465BF3609922}.Release|Any CPU.Build.0 = Release|Any CPU
	EndGlobalSection
	GlobalSection(SolutionProperties) = preSolution
		HideSolutionNode = FALSE
	EndGlobalSection
	GlobalSection(ExtensibilityGlobals) = postSolution
		SolutionGuid = {42FB9C4D-62DD-4442-B44E-46455DB22C68}
	EndGlobalSection
EndGlobal
